
Microsoft Visual Studio Solution File, Format Version 12.00
# Visual Studio Version 17
VisualStudioVersion = 17.0.31903.59
MinimumVisualStudioVersion = 10.0.40219.1
Project("{2150E333-8FDC-42A3-9474-1A3956D46DE8}") = "src", "src", "{827E0CD3-B72D-47B6-A68D-7590B98EB39B}"
EndProject
Project("{2150E333-8FDC-42A3-9474-1A3956D46DE8}") = "dotnet", "dotnet", "{204ECC8A-4C8C-06A8-7EEC-D568B118FA74}"
EndProject
Project("{FAE04EC0-301F-11D3-BF4B-00C04F79EFBC}") = "KiteKey.Core", "src\dotnet\KiteKey.Core\KiteKey.Core.csproj", "{CBC0A438-24DA-4FA8-B845-F522328C0E09}"
EndProject
Project("{FAE04EC0-301F-11D3-BF4B-00C04F79EFBC}") = "KiteKey.Hosting", "src\dotnet\KiteKey.Hosting\KiteKey.Hosting.csproj", "{0DAE424A-0CA0-4A81-B296-DAC9973E3D1D}"
EndProject
Project("{FAE04EC0-301F-11D3-BF4B-00C04F79EFBC}") = "KiteKey.Mail", "src\dotnet\KiteKey.Mail\KiteKey.Mail.csproj", "{7F614EBD-CFC5-4ACA-851B-149A9B33E66F}"
EndProject
Project("{2150E333-8FDC-42A3-9474-1A3956D46DE8}") = "tests", "tests", "{0AB3BF05-4346-4AA6-1389-037BE0695223}"
EndProject
Project("{2150E333-8FDC-42A3-9474-1A3956D46DE8}") = "dotnet", "dotnet", "{35C501C9-8590-3B46-F622-E1ABED50CEA9}"
EndProject
Project("{FAE04EC0-301F-11D3-BF4B-00C04F79EFBC}") = "KiteKey.Tests", "tests\dotnet\KiteKey.Tests\KiteKey.Tests.csproj", "{8C93B678-3AB0-4875-8109-67836237C962}"
EndProject
Global
	GlobalSection(SolutionConfigurationPlatforms) = preSolution
		Debug|Any CPU = Debug|Any CPU
		Debug|x64 = Debug|x64
		Debug|x86 = Debug|x86
		Release|Any CPU = Release|Any CPU
		Release|x64 = Release|x64
		Release|x86 = Release|x86
	EndGlobalSection
	GlobalSection(ProjectConfigurationPlatforms) = postSolution
		{CBC0A438-24DA-4FA8-B845-F522328C0E09}.Debug|Any CPU.ActiveCfg = Debug|Any CPU
		{CBC0A438-24DA-4FA8-B845-F522328C0E09}.Debug|Any CPU.Build.0 = Debug|Any CPU
		{CBC0A438-24DA-4FA8-B845-F522328C0E09}.Debug|x64.ActiveCfg = Debug|Any CPU
		{CBC0A438-24DA-4FA8-B845-F522328C0E09}.Debug|x64.Build.0 = Debug|Any CPU
		{CBC0A438-24DA-4FA8-B845-F522328C0E09}.Debug|x86.ActiveCfg = Debug|Any CPU
		{CBC0A438-24DA-4FA8-B845-F522328C0E09}.Debug|x86.Build.0 = Debug|Any CPU
		{CBC0A438-24DA-4FA8-B845-F522328C0E09}.Release|Any CPU.ActiveCfg = Release|Any CPU
		{CBC0A438-24DA-4FA8-B845-F522328C0E09}.Release|Any CPU.Build.0 = Release|Any CPU
		{CBC0A438-24DA-4FA8-B845-F522328C0E09}.Release|x64.ActiveCfg = Release|Any CPU
		{CBC0A438-24DA-4FA8-B845-F522328C0E09}.Release|x64.Build.0 = Release|Any CPU
		{CBC0A438-24DA-4FA8-B845-F522328C0E09}.Release|x86.ActiveCfg = Release|Any CPU
		{CBC0A438-24DA-4FA8-B845-F522328C0E09}.Release|x86.Build.0 = Release|Any CPU
		{0DAE424A-0CA0-4A81-B296-DAC9973E3D1D}.Debug|Any CPU.ActiveCfg = Debug|Any CPU
		{0DAE424A-0CA0-4A81-B296-DAC9973E3D1D}.Debug|Any CPU.Build.0 = Debug|Any CPU
		{0DAE424A-0CA0-4A81-B296-DAC9973E3D1D}.Debug|x64.ActiveCfg = Debug|Any CPU
		{0DAE424A-0CA0-4A81-B296-DAC9973E3D1D}.Debug|x64.Build.0 = Debug|Any CPU
		{0DAE424A-0CA0-4A81-B296-DAC9973E3D1D}.Debug|x86.ActiveCfg = Debug|Any CPU
		{0DAE424A-0CA0-4A81-B296-DAC9973E3D1D}.Debug|x86.Build.0 = Debug|Any CPU
		{0DAE424A-0CA0-4A81-B296-DAC9973E3D1D}.Release|Any CPU.ActiveCfg = Release|Any CPU
		{0DAE424A-0CA0-4A81-B296-DAC9973E3D1D}.Release|Any CPU.Build.0 = Release|Any CPU
		{0DAE424A-0CA0-4A81-B296-DAC9973E3D1D}.Release|x64.ActiveCfg = Release|Any CPU
		{0DAE424A-0CA0-4A81-B296-DAC9973E3D1D}.Release|x64.Build.0 = Release|Any CPU
		{0DAE424A-0CA0-4A81-B296-DAC9973E3D1D}.Release|x86.ActiveCfg = Release|Any CPU
		{0DAE424A-0CA0-4A81-B296-DAC9973E3D1D}.Release|x86.Build.0 = Release|Any CPU
		{7F614EBD-CFC5-4ACA-851B-149A9B33E66F}.Debug|Any CPU.ActiveCfg = Debug|Any CPU
		{7F614EBD-CFC5-4ACA-851B-149A9B33E66F}.Debug|Any CPU.Build.0 = Debug|Any CPU
		{7F614EBD-CFC5-4ACA-851B-149A9B33E66F}.Debug|x64.ActiveCfg = Debug|Any CPU
		{7F614EBD-CFC5-4ACA-851B-149A9B33E66F}.Debug|x64.Build.0 = Debug|Any CPU
		{7F614EBD-CFC5-4ACA-851B-149A9B33E66F}.Debug|x86.ActiveCfg = Debug|Any CPU
		{7F614EBD-CFC5-4ACA-851B-149A9B33E66F}.Debug|x86.Build.0 = Debug|Any CPU
		{7F614EBD-CFC5-4ACA-851B-149A9B33E66F}.Release|Any CPU.ActiveCfg = Release|Any CPU
		{7F614EBD-CFC5-4ACA-851B-149A9B33E66F}.Release|Any CPU.Build.0 = Release|Any CPU
		{7F614EBD-CFC5-4ACA-851B-149A9B33E66F}.Release|x64.ActiveCfg = Release|Any CPU
		{7F614EBD-CFC5-4ACA-851B-149A9B33E66F}.Release|x64.Build.0 = Release|Any CPU
		{7F614EBD-CFC5-4ACA-851B-149A9B33E66F}.Release|x86.ActiveCfg = Release|Any CPU
		{7F614EBD-CFC5-4ACA-851B-149A9B33E66F}.Release|x86.Build.0 = Release|Any CPU
		{8C93B678-3AB0-4875-8109-67836237C962}.Debug|Any CPU.ActiveCfg = Debug|Any CPU
		{8C93B678-3AB0-4875-8109-67836237C962}.Debug|Any CPU.Build.0 = Debug|Any CPU
		{8C93B678-3AB0-4875-8109-67836237C962}.Debug|x64.ActiveCfg = Debug|Any CPU
		{8C93B678-3AB0-4875-8109-67836237C962}.Debug|x64.Build.0 = Debug|Any CPU
		{8C93B678-3AB0-4875-8109-67836237C962}.Debug|x86.ActiveCfg = Debug|Any CPU
		{8C93B678-3AB0-4875-8109-67836237C962}.Debug|x86.Build.0 = Debug|Any CPU
		{8C93B678-3AB0-4875-8109-67836237C962}.Release|Any CPU.ActiveCfg = Release|Any CPU
		{8C93B678-3AB0-4875-8109-67836237C962}.Release|Any CPU.Build.0 = Release|Any CPU
		{8C93B678-3AB0-4875-8109-67836237C962}.Release|x64.ActiveCfg = Release|Any CPU
		{8C93B678-3AB0-4875-8109-67836237C962}.Release|x64.Build.0 = Release|Any CPU
		{8C93B678-3AB0-4875-8109-67836237C962}.Release|x86.ActiveCfg = Release|Any CPU
		{8C93B678-3AB0-4875-8109-67836237C962}.Release|x86.Build.0 = Release|Any CPU
	EndGlobalSection
	GlobalSection(SolutionProperties) = preSolution
		HideSolutionNode = FALSE
	EndGlobalSection
	GlobalSection(NestedProjects) = preSolution
		{204ECC8A-4C8C-06A8-7EEC-D568B118FA74} = {827E0CD3-B72D-47B6-A68D-7590B98EB39B}
		{CBC0A438-24DA-4FA8-B845-F522328C0E09} = {204ECC8A-4C8C-06A8-7EEC-D568B118FA74}
		{0DAE424A-0CA0-4A81-B296-DAC9973E3D1D} = {204ECC8A-4C8C-06A8-7EEC-D568B118FA74}
		{7F614EBD-CFC5-4ACA-851B-149A9B33E66F} = {204ECC8A-4C8C-06A8-7EEC-D568B118FA74}
		{35C501C9-8590-3B46-F622-E1ABED50CEA9} = {0AB3BF05-4346-4AA6-1389-037BE0695223}
		{8C93B678-3AB0-4875-8109-67836237C962} = {35C501C9-8590-3B46-F622-E1ABED50CEA9}
	EndGlobalSection
EndGlobal
